
Microsoft Visual Studio Solution File, Format Version 12.00
# Visual Studio Version 17
VisualStudioVersion = 17.9.34728.123
MinimumVisualStudioVersion = 10.0.40219.1
Project("{FAE04EC0-301F-11D3-BF4B-00C04F79EFBC}") = "RentingSystem", "RentingSystem\RentingSystem.csproj", "{C8BF7A80-C919-4FC7-923C-879078BD1BF1}"
EndProject
Global
	GlobalSection(SolutionConfigurationPlatforms) = preSolution
		Debug|Any CPU = Debug|Any CPU
		Release|Any CPU = Release|Any CPU
	EndGlobalSection
	GlobalSection(ProjectConfigurationPlatforms) = postSolution
		{C8BF7A80-C919-4FC7-923C-879078BD1BF1}.Debug|Any CPU.ActiveCfg = Debug|Any CPU
		{C8BF7A80-C919-4FC7-923C-879078BD1BF1}.Debug|Any CPU.Build.0 = Debug|Any CPU
		{C8BF7A80-C919-4FC7-923C-879078BD1BF1}.Release|Any CPU.ActiveCfg = Release|Any CPU
		{C8BF7A80-C919-4FC7-923C-879078BD1BF1}.Release|Any CPU.Build.0 = Release|Any CPU
	EndGlobalSection
	GlobalSection(SolutionProperties) = preSolution
		HideSolutionNode = FALSE
	EndGlobalSection
	GlobalSection(ExtensibilityGlobals) = postSolution
		SolutionGuid = {B3C120B9-5F0E-4089-AFFD-6D4FFDCC9409}
	EndGlobalSection
EndGlobal
